
Microsoft Visual Studio Solution File, Format Version 12.00
# Visual Studio Version 17
VisualStudioVersion = 17.9.34701.34
MinimumVisualStudioVersion = 10.0.40219.1
Project("{FAE04EC0-301F-11D3-BF4B-00C04F79EFBC}") = "DIExample.API", "DIExample\DIExample.API.csproj", "{0C6505DB-70A9-4E8D-A6DB-26DDA6E2C199}"
EndProject
Project("{FAE04EC0-301F-11D3-BF4B-00C04F79EFBC}") = "DIExample.Service", "DIExample.Service\DIExample.Service.csproj", "{89CC4019-2891-49BF-B875-ECFEF4411A6E}"
EndProject
Global
	GlobalSection(SolutionConfigurationPlatforms) = preSolution
		Debug|Any CPU = Debug|Any CPU
		Release|Any CPU = Release|Any CPU
	EndGlobalSection
	GlobalSection(ProjectConfigurationPlatforms) = postSolution
		{0C6505DB-70A9-4E8D-A6DB-26DDA6E2C199}.Debug|Any CPU.ActiveCfg = Debug|Any CPU
		{0C6505DB-70A9-4E8D-A6DB-26DDA6E2C199}.Debug|Any CPU.Build.0 = Debug|Any CPU
		{0C6505DB-70A9-4E8D-A6DB-26DDA6E2C199}.Release|Any CPU.ActiveCfg = Release|Any CPU
		{0C6505DB-70A9-4E8D-A6DB-26DDA6E2C199}.Release|Any CPU.Build.0 = Release|Any CPU
		{89CC4019-2891-49BF-B875-ECFEF4411A6E}.Debug|Any CPU.ActiveCfg = Debug|Any CPU
		{89CC4019-2891-49BF-B875-ECFEF4411A6E}.Debug|Any CPU.Build.0 = Debug|Any CPU
		{89CC4019-2891-49BF-B875-ECFEF4411A6E}.Release|Any CPU.ActiveCfg = Release|Any CPU
		{89CC4019-2891-49BF-B875-ECFEF4411A6E}.Release|Any CPU.Build.0 = Release|Any CPU
	EndGlobalSection
	GlobalSection(SolutionProperties) = preSolution
		HideSolutionNode = FALSE
	EndGlobalSection
	GlobalSection(ExtensibilityGlobals) = postSolution
		SolutionGuid = {4AB799B3-414C-445A-92D4-B87A8E66438D}
	EndGlobalSection
EndGlobal
